
Microsoft Visual Studio Solution File, Format Version 12.00
# Visual Studio Version 17
VisualStudioVersion = 17.4.33103.184
MinimumVisualStudioVersion = 10.0.40219.1
Project("{9A19103F-16F7-4668-BE54-9A1E7A4F7556}") = "interface-homeWork-exe1", "interface-homeWork-exe1.csproj", "{EB29789B-007D-4B4D-8CFA-5ABB028350ED}"
EndProject
Global
	GlobalSection(SolutionConfigurationPlatforms) = preSolution
		Debug|Any CPU = Debug|Any CPU
		Release|Any CPU = Release|Any CPU
	EndGlobalSection
	GlobalSection(ProjectConfigurationPlatforms) = postSolution
		{EB29789B-007D-4B4D-8CFA-5ABB028350ED}.Debug|Any CPU.ActiveCfg = Debug|Any CPU
		{EB29789B-007D-4B4D-8CFA-5ABB028350ED}.Debug|Any CPU.Build.0 = Debug|Any CPU
		{EB29789B-007D-4B4D-8CFA-5ABB028350ED}.Release|Any CPU.ActiveCfg = Release|Any CPU
		{EB29789B-007D-4B4D-8CFA-5ABB028350ED}.Release|Any CPU.Build.0 = Release|Any CPU
	EndGlobalSection
	GlobalSection(SolutionProperties) = preSolution
		HideSolutionNode = FALSE
	EndGlobalSection
	GlobalSection(ExtensibilityGlobals) = postSolution
		SolutionGuid = {0B5A1C82-7EDC-4682-BEBF-BEADC28B6FC2}
	EndGlobalSection
EndGlobal
